
Microsoft Visual Studio Solution File, Format Version 12.00
# Visual Studio Version 17
VisualStudioVersion = 17.9.34616.47
MinimumVisualStudioVersion = 10.0.40219.1
Project("{FAE04EC0-301F-11D3-BF4B-00C04F79EFBC}") = "Generics_AutoRefreshingCache", "Generics_AutoRefreshingCache.csproj", "{8DD50AB5-5199-4B70-80D5-E47BD94956E9}"
EndProject
Global
	GlobalSection(SolutionConfigurationPlatforms) = preSolution
		Debug|Any CPU = Debug|Any CPU
		Release|Any CPU = Release|Any CPU
	EndGlobalSection
	GlobalSection(ProjectConfigurationPlatforms) = postSolution
		{8DD50AB5-5199-4B70-80D5-E47BD94956E9}.Debug|Any CPU.ActiveCfg = Debug|Any CPU
		{8DD50AB5-5199-4B70-80D5-E47BD94956E9}.Debug|Any CPU.Build.0 = Debug|Any CPU
		{8DD50AB5-5199-4B70-80D5-E47BD94956E9}.Release|Any CPU.ActiveCfg = Release|Any CPU
		{8DD50AB5-5199-4B70-80D5-E47BD94956E9}.Release|Any CPU.Build.0 = Release|Any CPU
	EndGlobalSection
	GlobalSection(SolutionProperties) = preSolution
		HideSolutionNode = FALSE
	EndGlobalSection
	GlobalSection(ExtensibilityGlobals) = postSolution
		SolutionGuid = {7A945B2B-9363-4DDA-A68B-082E49277CA3}
	EndGlobalSection
EndGlobal
